<?xml version="1.0" encoding="utf-8"?>
<Project ToolsVersion="4.0" xmlns="http://schemas.microsoft.com/developer/msbuild/2003">
  <ItemGroup>
    <ClCompile Include="main.cpp" />
    <ClCompile Include="utils\loader.cpp">
      <Filter>utils</Filter>
    </ClCompile>
    <ClCompile Include="utils\process.cpp">
      <Filter>utils</Filter>
    </ClCompile>
  </ItemGroup>
  <ItemGroup>
    <Filter Include="utils">
      <UniqueIdentifier>{c1b9fe6c-cf69-426b-ab37-8bd793e15c18}</UniqueIdentifier>
    </Filter>
    <Filter Include="resources">
      <UniqueIdentifier>{f8301514-7ed9-4288-a23a-97b2bfddcae7}</UniqueIdentifier>
    </Filter>
  </ItemGroup>
  <ItemGroup>
    <ClInclude Include="utils\loader.h">
      <Filter>utils</Filter>
    </ClInclude>
    <ClInclude Include="utils\MemLoadDll.h">
      <Filter>utils</Filter>
    </ClInclude>
    <ClInclude Include="utils\process.h">
      <Filter>utils</Filter>
    </ClInclude>
    <ClInclude Include="utils\singletion.hpp">
      <Filter>utils</Filter>
    </ClInclude>
    <ClInclude Include="hitbox.h" />
  </ItemGroup>
  <ItemGroup>
    <Image Include="..\resources\CotWhitbox.ico">
      <Filter>resources</Filter>
    </Image>
  </ItemGroup>
  <ItemGroup>
    <Manifest Include="..\resources\CotWhitbox.manifest">
      <Filter>resources</Filter>
    </Manifest>
  </ItemGroup>
  <ItemGroup>
    <ResourceCompile Include="..\resources\manifest.rc">
      <Filter>resources</Filter>
    </ResourceCompile>
    <ResourceCompile Include="..\resources\resources.rc">
      <Filter>resources</Filter>
    </ResourceCompile>
    <ResourceCompile Include="..\resources\version.rc">
      <Filter>resources</Filter>
    </ResourceCompile>
  </ItemGroup>
</Project>